
Microsoft Visual Studio Solution File, Format Version 12.00
# Visual Studio Version 17
VisualStudioVersion = 17.5.002.0
MinimumVisualStudioVersion = 10.0.40219.1
Project("{9A19103F-16F7-4668-BE54-9A1E7A4F7556}") = "AStarCSharp", "TilePuzzle\AStarCSharp.csproj", "{1F3A14A0-6E21-4030-8CBE-593F76638CAD}"
EndProject
Project("{FAE04EC0-301F-11D3-BF4B-00C04F79EFBC}") = "TilePuzzle.Tests", "TilePuzzle.Tests\TilePuzzle.Tests.csproj", "{1C4EF9BC-8C91-437C-83B4-BEB75AD0CB0E}"
EndProject
Global
	GlobalSection(SolutionConfigurationPlatforms) = preSolution
		Debug|Any CPU = Debug|Any CPU
		Release|Any CPU = Release|Any CPU
	EndGlobalSection
	GlobalSection(ProjectConfigurationPlatforms) = postSolution
		{1F3A14A0-6E21-4030-8CBE-593F76638CAD}.Debug|Any CPU.ActiveCfg = Debug|Any CPU
		{1F3A14A0-6E21-4030-8CBE-593F76638CAD}.Debug|Any CPU.Build.0 = Debug|Any CPU
		{1F3A14A0-6E21-4030-8CBE-593F76638CAD}.Release|Any CPU.ActiveCfg = Release|Any CPU
		{1F3A14A0-6E21-4030-8CBE-593F76638CAD}.Release|Any CPU.Build.0 = Release|Any CPU
		{1C4EF9BC-8C91-437C-83B4-BEB75AD0CB0E}.Debug|Any CPU.ActiveCfg = Debug|Any CPU
		{1C4EF9BC-8C91-437C-83B4-BEB75AD0CB0E}.Debug|Any CPU.Build.0 = Debug|Any CPU
		{1C4EF9BC-8C91-437C-83B4-BEB75AD0CB0E}.Release|Any CPU.ActiveCfg = Release|Any CPU
		{1C4EF9BC-8C91-437C-83B4-BEB75AD0CB0E}.Release|Any CPU.Build.0 = Release|Any CPU
	EndGlobalSection
	GlobalSection(SolutionProperties) = preSolution
		HideSolutionNode = FALSE
	EndGlobalSection
	GlobalSection(ExtensibilityGlobals) = postSolution
		SolutionGuid = {1BCDD82B-80D0-4739-A797-496F4FAB8AE4}
	EndGlobalSection
EndGlobal
